
Microsoft Visual Studio Solution File, Format Version 12.00
# Visual Studio Version 17
VisualStudioVersion = 17.6.33829.357
MinimumVisualStudioVersion = 10.0.40219.1
Project("{FAE04EC0-301F-11D3-BF4B-00C04F79EFBC}") = "Whale 1", "Whale 1\Whale 1.csproj", "{99796ED0-13CC-49AA-B73B-70F0FB680AAC}"
EndProject
Global
	GlobalSection(SolutionConfigurationPlatforms) = preSolution
		Debug|Any CPU = Debug|Any CPU
		Release|Any CPU = Release|Any CPU
	EndGlobalSection
	GlobalSection(ProjectConfigurationPlatforms) = postSolution
		{99796ED0-13CC-49AA-B73B-70F0FB680AAC}.Debug|Any CPU.ActiveCfg = Debug|Any CPU
		{99796ED0-13CC-49AA-B73B-70F0FB680AAC}.Debug|Any CPU.Build.0 = Debug|Any CPU
		{99796ED0-13CC-49AA-B73B-70F0FB680AAC}.Release|Any CPU.ActiveCfg = Release|Any CPU
		{99796ED0-13CC-49AA-B73B-70F0FB680AAC}.Release|Any CPU.Build.0 = Release|Any CPU
	EndGlobalSection
	GlobalSection(SolutionProperties) = preSolution
		HideSolutionNode = FALSE
	EndGlobalSection
	GlobalSection(ExtensibilityGlobals) = postSolution
		SolutionGuid = {6981B1D0-48B8-49D4-ABAC-1BC27D8BB5A9}
	EndGlobalSection
EndGlobal
